
Microsoft Visual Studio Solution File, Format Version 12.00
# Visual Studio Version 16
VisualStudioVersion = 16.0.31205.134
MinimumVisualStudioVersion = 10.0.40219.1
Project("{FAE04EC0-301F-11D3-BF4B-00C04F79EFBC}") = "ClassMetotDemo1", "ClassMetotDemo1\ClassMetotDemo1.csproj", "{677008B3-9E1B-404B-93FA-EA583B2D6ABF}"
EndProject
Global
	GlobalSection(SolutionConfigurationPlatforms) = preSolution
		Debug|Any CPU = Debug|Any CPU
		Release|Any CPU = Release|Any CPU
	EndGlobalSection
	GlobalSection(ProjectConfigurationPlatforms) = postSolution
		{677008B3-9E1B-404B-93FA-EA583B2D6ABF}.Debug|Any CPU.ActiveCfg = Debug|Any CPU
		{677008B3-9E1B-404B-93FA-EA583B2D6ABF}.Debug|Any CPU.Build.0 = Debug|Any CPU
		{677008B3-9E1B-404B-93FA-EA583B2D6ABF}.Release|Any CPU.ActiveCfg = Release|Any CPU
		{677008B3-9E1B-404B-93FA-EA583B2D6ABF}.Release|Any CPU.Build.0 = Release|Any CPU
	EndGlobalSection
	GlobalSection(SolutionProperties) = preSolution
		HideSolutionNode = FALSE
	EndGlobalSection
	GlobalSection(ExtensibilityGlobals) = postSolution
		SolutionGuid = {D33DA609-EA45-4825-A3B8-452BCE195522}
	EndGlobalSection
EndGlobal
